
Microsoft Visual Studio Solution File, Format Version 12.00
# Visual Studio 14
VisualStudioVersion = 14.0.24720.0
MinimumVisualStudioVersion = 10.0.40219.1
Project("{FAE04EC0-301F-11D3-BF4B-00C04F79EFBC}") = "OpcDaClient", "OpcDaClient\OpcDaClient.csproj", "{F4A251EE-7D64-4840-AB16-952DFE0CB19D}"
EndProject
Project("{F184B08F-C81C-45F6-A57F-5ABD9991F28F}") = "SampleWpfApp", "SampleWpfApp\SampleWpfApp.vbproj", "{F75BAEA9-869F-465F-9332-4FF5D82D62E6}"
EndProject
Project("{FAE04EC0-301F-11D3-BF4B-00C04F79EFBC}") = "OpcDaClientTests", "OpcDaClientTests\OpcDaClientTests.csproj", "{0D8DDE10-17DD-43A6-8A9D-1C198CC93818}"
EndProject
Global
	GlobalSection(SolutionConfigurationPlatforms) = preSolution
		Debug|Any CPU = Debug|Any CPU
		Release|Any CPU = Release|Any CPU
	EndGlobalSection
	GlobalSection(ProjectConfigurationPlatforms) = postSolution
		{F4A251EE-7D64-4840-AB16-952DFE0CB19D}.Debug|Any CPU.ActiveCfg = Debug|Any CPU
		{F4A251EE-7D64-4840-AB16-952DFE0CB19D}.Debug|Any CPU.Build.0 = Debug|Any CPU
		{F4A251EE-7D64-4840-AB16-952DFE0CB19D}.Release|Any CPU.ActiveCfg = Release|Any CPU
		{F4A251EE-7D64-4840-AB16-952DFE0CB19D}.Release|Any CPU.Build.0 = Release|Any CPU
		{F75BAEA9-869F-465F-9332-4FF5D82D62E6}.Debug|Any CPU.ActiveCfg = Debug|Any CPU
		{F75BAEA9-869F-465F-9332-4FF5D82D62E6}.Debug|Any CPU.Build.0 = Debug|Any CPU
		{F75BAEA9-869F-465F-9332-4FF5D82D62E6}.Release|Any CPU.ActiveCfg = Release|Any CPU
		{F75BAEA9-869F-465F-9332-4FF5D82D62E6}.Release|Any CPU.Build.0 = Release|Any CPU
		{0D8DDE10-17DD-43A6-8A9D-1C198CC93818}.Debug|Any CPU.ActiveCfg = Debug|Any CPU
		{0D8DDE10-17DD-43A6-8A9D-1C198CC93818}.Debug|Any CPU.Build.0 = Debug|Any CPU
		{0D8DDE10-17DD-43A6-8A9D-1C198CC93818}.Release|Any CPU.ActiveCfg = Release|Any CPU
		{0D8DDE10-17DD-43A6-8A9D-1C198CC93818}.Release|Any CPU.Build.0 = Release|Any CPU
	EndGlobalSection
	GlobalSection(SolutionProperties) = preSolution
		HideSolutionNode = FALSE
	EndGlobalSection
EndGlobal
